source=https://webrtc.googlesource.com/src
revision=e3000c87329bf7cfe1f345bf566c482a402d0d62
commit_position=48208
build_script=tools_webrtc/android/build_aar.py
depot_tools_revision=980d6af16e06ff993a52029019dc0628c0a0e1f0
architectures=arm64-v8a,x86_64
aar_sha256=91ba7caad76f8c912bafe711abc830d92fcad6402aab77dbdedeb6878199d3e8
license_sha256=ab00a482b6a3902e40211b43c5d0441962ea99b6cc7c25c0f243fa270b78d482
